{
  "name": "my-stock",
  "lockfileVersion": 3,
  "requires": true,
  "packages": {
    "": {
      "name": "my-stock",
      "workspaces": [
        "gateway"
      ],
      "engines": {
        "node": "22.x"
      }
    },
    "gateway": {
      "name": "my-stock-reader",
      "dependencies": {
        "decimal.js": "^10.6.0",
        "pg": "^8.23.0"
      },
      "devDependencies": {
        "@electric-sql/pglite": "^0.5.8"
      },
      "engines": {
        "node": ">=20"
      }
    },
    "gateway/node_modules/@electric-sql/pglite": {
      "version": "0.5.8",
      "dev": true,
      "license": "Apache-2.0"
    },
    "gateway/node_modules/decimal.js": {
      "version": "10.6.0",
      "license": "MIT"
    },
    "gateway/node_modules/pg": {
      "version": "8.23.0",
      "license": "MIT",
      "dependencies": {
        "pg-connection-string": "^2.14.0",
        "pg-pool": "^3.14.0",
        "pg-protocol": "^1.16.0",
        "pg-types": "2.2.0",
        "pgpass": "1.0.5"
      },
      "engines": {
        "node": ">= 16.0.0"
      },
      "optionalDependencies": {
        "pg-cloudflare": "^1.4.0"
      },
      "peerDependencies": {
        "pg-native": ">=3.0.1"
      },
      "peerDependenciesMeta": {
        "pg-native": {
          "optional": true
        }
      }
    },
    "gateway/node_modules/pg-cloudflare": {
      "version": "1.4.0",
      "license": "MIT",
      "optional": true
    },
    "gateway/node_modules/pg-connection-string": {
      "version": "2.14.0",
      "license": "MIT"
    },
    "gateway/node_modules/pg-int8": {
      "version": "1.0.1",
      "license": "ISC",
      "engines": {
        "node": ">=4.0.0"
      }
    },
    "gateway/node_modules/pg-pool": {
      "version": "3.14.0",
      "license": "MIT",
      "peerDependencies": {
        "pg": ">=8.0"
      }
    },
    "gateway/node_modules/pg-protocol": {
      "version": "1.16.0",
      "license": "MIT"
    },
    "gateway/node_modules/pg-types": {
      "version": "2.2.0",
      "license": "MIT",
      "dependencies": {
        "pg-int8": "1.0.1",
        "postgres-array": "~2.0.0",
        "postgres-bytea": "~1.0.0",
        "postgres-date": "~1.0.4",
        "postgres-interval": "^1.1.0"
      },
      "engines": {
        "node": ">=4"
      }
    },
    "gateway/node_modules/pgpass": {
      "version": "1.0.5",
      "license": "MIT",
      "dependencies": {
        "split2": "^4.1.0"
      }
    },
    "gateway/node_modules/postgres-array": {
      "version": "2.0.0",
      "license": "MIT",
      "engines": {
        "node": ">=4"
      }
    },
    "gateway/node_modules/postgres-bytea": {
      "version": "1.0.1",
      "license": "MIT",
      "engines": {
        "node": ">=0.10.0"
      }
    },
    "gateway/node_modules/postgres-date": {
      "version": "1.0.7",
      "license": "MIT",
      "engines": {
        "node": ">=0.10.0"
      }
    },
    "gateway/node_modules/postgres-interval": {
      "version": "1.2.0",
      "license": "MIT",
      "dependencies": {
        "xtend": "^4.0.0"
      },
      "engines": {
        "node": ">=0.10.0"
      }
    },
    "gateway/node_modules/split2": {
      "version": "4.2.0",
      "license": "ISC",
      "engines": {
        "node": ">= 10.x"
      }
    },
    "gateway/node_modules/xtend": {
      "version": "4.0.2",
      "license": "MIT",
      "engines": {
        "node": ">=0.4"
      }
    },
    "node_modules/my-stock-reader": {
      "resolved": "gateway",
      "link": true
    }
  }
}
